#MicroXplorer Configuration settings - do not modify
Mcu.Family=STM32F3
ProjectManager.MainLocation=Core/Src
RCC.USART1Freq_Value=8000000
ProjectManager.ProjectFileName=Heart-Rate-Monitor.ioc
RCC.ADC12outputFreq_Value=16000000
RCC.CortexFreq_Value=8000000
PB8.GPIOParameters=GPIO_PuPdOD
I2C1.I2C_Speed_Mode=I2C_Fast
ProjectManager.KeepUserCode=true
Mcu.UserName=STM32F303RETx
Mcu.PinsNb=8
ProjectManager.NoMain=false
SH.GPXTI9.0=GPIO_EXTI9
RCC.PLLCLKFreq_Value=16000000
PA9.GPIO_Label=INT
ProjectManager.functionlistsort=1-MX_GPIO_Init-GPIO-false-HAL-true,2-SystemClock_Config-RCC-false-HAL-false,3-MX_I2C1_Init-I2C1-false-HAL-true
PA9.GPIOParameters=GPIO_Label,GPIO_ModeDefaultEXTI
RCC.RTCFreq_Value=40000
ProjectManager.DefaultFWLocation=true
RCC.USART2Freq_Value=8000000
ProjectManager.DeletePrevious=true
PinOutPanel.RotationAngle=0
RCC.FamilyName=M
ProjectManager.StackSize=0x400
PB9.GPIOParameters=GPIO_PuPdOD
RCC.I2C3Freq_Value=8000000
PA13.Signal=SYS_JTMS-SWDIO
Mcu.IP2=RCC
NVIC.SVCall_IRQn=true\:0\:0\:false\:false\:true\:false\:false
I2C1.IPParameters=I2C_Speed_Mode,Timing
Mcu.IP3=SYS
Mcu.IP0=I2C1
Mcu.IP1=NVIC
Mcu.UserConstants=
ProjectManager.TargetToolchain=STM32CubeIDE
Mcu.ThirdPartyNb=0
Mcu.IPNb=4
ProjectManager.PreviousToolchain=
PB9.Mode=I2C
PA9.Signal=GPXTI9
I2C1.Timing=0x0000020B
PB9.Locked=true
Mcu.Pin6=PB9
Mcu.Pin7=VP_SYS_VS_Systick
ProjectManager.RegisterCallBack=
RCC.USBFreq_Value=16000000
RCC.LSE_VALUE=32768
RCC.AHBFreq_Value=8000000
Mcu.Pin0=PF0-OSC_IN
PF0-OSC_IN.Mode=HSE-External-Oscillator
Mcu.Pin1=PF1-OSC_OUT
GPIO.groupedBy=Group By Peripherals
Mcu.Pin2=PA9
Mcu.Pin3=PA13
RCC.USART3Freq_Value=8000000
Mcu.Pin4=PA14
Mcu.Pin5=PB8
ProjectManager.ProjectBuild=false
RCC.HSE_VALUE=8000000
NVIC.UsageFault_IRQn=true\:0\:0\:false\:false\:true\:false\:false
NVIC.DebugMonitor_IRQn=true\:0\:0\:false\:false\:true\:false\:false
board=custom
NVIC.SysTick_IRQn=true\:0\:0\:false\:false\:true\:false\:true
ProjectManager.LastFirmware=true
RCC.VCOOutput2Freq_Value=8000000
ProjectManager.FirmwarePackage=STM32Cube FW_F3 V1.11.2
MxDb.Version=DB.6.0.21
RCC.APB2Freq_Value=8000000
RCC.UART4Freq_Value=8000000
ProjectManager.BackupPrevious=false
MxCube.Version=6.2.1
RCC.I2C1Freq_Value=8000000
PA14.Mode=Serial_Wire
File.Version=6
VP_SYS_VS_Systick.Mode=SysTick
PA9.Locked=true
PB8.Locked=true
NVIC.NonMaskableInt_IRQn=true\:0\:0\:false\:false\:true\:false\:false
NVIC.PendSV_IRQn=true\:0\:0\:false\:false\:true\:false\:false
RCC.UART5Freq_Value=8000000
PA13.Mode=Serial_Wire
ProjectManager.FreePins=false
RCC.IPParameters=ADC12outputFreq_Value,ADC34outputFreq_Value,AHBFreq_Value,APB1Freq_Value,APB2Freq_Value,CortexFreq_Value,FamilyName,HSE_VALUE,HSI_VALUE,I2C1Freq_Value,I2C2Freq_Value,I2C3Freq_Value,LSE_VALUE,LSI_VALUE,PLLCLKFreq_Value,PLLMCOFreq_Value,RTCFreq_Value,RTCHSEDivFreq_Value,SYSCLKFreq_VALUE,UART4Freq_Value,UART5Freq_Value,USART1Freq_Value,USART2Freq_Value,USART3Freq_Value,USBFreq_Value,VCOOutput2Freq_Value
ProjectManager.AskForMigrate=true
Mcu.Name=STM32F303R(D-E)Tx
ProjectManager.HalAssertFull=false
RCC.RTCHSEDivFreq_Value=250000
ProjectManager.ProjectName=Heart-Rate-Monitor
ProjectManager.UnderRoot=true
RCC.PLLMCOFreq_Value=16000000
ProjectManager.CoupleFile=true
RCC.SYSCLKFreq_VALUE=8000000
Mcu.Package=LQFP64
PB9.Signal=I2C1_SDA
NVIC.ForceEnableDMAVector=true
KeepUserPlacement=false
RCC.ADC34outputFreq_Value=16000000
NVIC.MemoryManagement_IRQn=true\:0\:0\:false\:false\:true\:false\:false
ProjectManager.CompilerOptimize=6
ProjectManager.ToolChainLocation=
RCC.LSI_VALUE=40000
VP_SYS_VS_Systick.Signal=SYS_VS_Systick
SH.GPXTI9.ConfNb=1
NVIC.EXTI9_5_IRQn=true\:0\:0\:false\:false\:true\:true\:true
PA14.Signal=SYS_JTCK-SWCLK
ProjectManager.HeapSize=0x200
NVIC.HardFault_IRQn=true\:0\:0\:false\:false\:true\:false\:false
PB9.GPIO_PuPdOD=GPIO_NOPULL
ProjectManager.ComputerToolchain=false
PB8.GPIO_PuPdOD=GPIO_NOPULL
RCC.HSI_VALUE=8000000
NVIC.PriorityGroup=NVIC_PRIORITYGROUP_4
PB8.Mode=I2C
PA9.GPIO_ModeDefaultEXTI=GPIO_MODE_IT_FALLING
PB8.Signal=I2C1_SCL
NVIC.BusFault_IRQn=true\:0\:0\:false\:false\:true\:false\:false
PF0-OSC_IN.Signal=RCC_OSC_IN
PF1-OSC_OUT.Mode=HSE-External-Oscillator
RCC.I2C2Freq_Value=8000000
RCC.APB1Freq_Value=8000000
ProjectManager.CustomerFirmwarePackage=
ProjectManager.DeviceId=STM32F303RETx
PF1-OSC_OUT.Signal=RCC_OSC_OUT
ProjectManager.LibraryCopy=1
isbadioc=false
